
Microsoft Visual Studio Solution File, Format Version 12.00
# Visual Studio 14
VisualStudioVersion = 14.0.25123.0
MinimumVisualStudioVersion = 10.0.40219.1
Project("{FAE04EC0-301F-11D3-BF4B-00C04F79EFBC}") = "edzacc", "edzacc\edzacc.csproj", "{035F4778-03A7-428B-A706-13671DC16B64}"
EndProject
Project("{FAE04EC0-301F-11D3-BF4B-00C04F79EFBC}") = "edzacc.Tests", "edzacc.Tests\edzacc.Tests.csproj", "{C0C02D2F-EDAA-401E-B062-59059B725B16}"
EndProject
Global
	GlobalSection(SolutionConfigurationPlatforms) = preSolution
		Debug|Any CPU = Debug|Any CPU
		Release|Any CPU = Release|Any CPU
	EndGlobalSection
	GlobalSection(ProjectConfigurationPlatforms) = postSolution
		{035F4778-03A7-428B-A706-13671DC16B64}.Debug|Any CPU.ActiveCfg = Debug|Any CPU
		{035F4778-03A7-428B-A706-13671DC16B64}.Debug|Any CPU.Build.0 = Debug|Any CPU
		{035F4778-03A7-428B-A706-13671DC16B64}.Release|Any CPU.ActiveCfg = Release|Any CPU
		{035F4778-03A7-428B-A706-13671DC16B64}.Release|Any CPU.Build.0 = Release|Any CPU
		{C0C02D2F-EDAA-401E-B062-59059B725B16}.Debug|Any CPU.ActiveCfg = Debug|Any CPU
		{C0C02D2F-EDAA-401E-B062-59059B725B16}.Debug|Any CPU.Build.0 = Debug|Any CPU
		{C0C02D2F-EDAA-401E-B062-59059B725B16}.Release|Any CPU.ActiveCfg = Release|Any CPU
		{C0C02D2F-EDAA-401E-B062-59059B725B16}.Release|Any CPU.Build.0 = Release|Any CPU
	EndGlobalSection
	GlobalSection(SolutionProperties) = preSolution
		HideSolutionNode = FALSE
	EndGlobalSection
EndGlobal
